{
  "lockfileVersion": 1,
  "configVersion": 1,
  "workspaces": {
    "": {
      "name": "python-wrapper",
      "devDependencies": {
        "bun-workspaces": "^1.11.0",
      },
    },
    "packages/analyzer": {
      "name": "analyzer",
    },
    "packages/loader": {
      "name": "loader",
    },
    "packages/reporter": {
      "name": "reporter",
    },
  },
  "packages": {
    "analyzer": ["analyzer@workspace:packages/analyzer"],

    "bun-workspaces": ["bun-workspaces@1.11.0", "", { "bin": { "bun-workspaces": "bin/cli.js", "bw": "bin/cli.js" } }, "sha512-pEJTAS0VGrCvECRw//mlCt9KWjDiYKAb9VcJ8snnYxr2Ep5hnEanZP5SAnTc1yearCbxX7shrPw6TW5h20gxlQ=="],

    "loader": ["loader@workspace:packages/loader"],

    "reporter": ["reporter@workspace:packages/reporter"],
  }
}
